
Microsoft Visual Studio Solution File, Format Version 12.00
# Visual Studio 15
VisualStudioVersion = 15.0.27130.2010
MinimumVisualStudioVersion = 10.0.40219.1
Project("{FAE04EC0-301F-11D3-BF4B-00C04F79EFBC}") = "TrainMindApp", "TrainMindApp\TrainMindApp.csproj", "{0EA9D1FB-2DED-4A0B-9EC8-C3B899CB4394}"
EndProject
Project("{E53339B2-1760-4266-BCC7-CA923CBCF16C}") = "docker-compose", "docker-compose.dcproj", "{C4D9C352-41CF-4943-B260-AF16C77870E3}"
EndProject
Project("{FAE04EC0-301F-11D3-BF4B-00C04F79EFBC}") = "TrainMindWebApp", "TrainMindWebApp\TrainMindWebApp.csproj", "{61E130F7-EA87-41EE-97AF-D66DA6137560}"
EndProject
Global
	GlobalSection(SolutionConfigurationPlatforms) = preSolution
		Debug|Any CPU = Debug|Any CPU
		Release|Any CPU = Release|Any CPU
	EndGlobalSection
	GlobalSection(ProjectConfigurationPlatforms) = postSolution
		{0EA9D1FB-2DED-4A0B-9EC8-C3B899CB4394}.Debug|Any CPU.ActiveCfg = Debug|Any CPU
		{0EA9D1FB-2DED-4A0B-9EC8-C3B899CB4394}.Debug|Any CPU.Build.0 = Debug|Any CPU
		{0EA9D1FB-2DED-4A0B-9EC8-C3B899CB4394}.Release|Any CPU.ActiveCfg = Release|Any CPU
		{0EA9D1FB-2DED-4A0B-9EC8-C3B899CB4394}.Release|Any CPU.Build.0 = Release|Any CPU
		{C4D9C352-41CF-4943-B260-AF16C77870E3}.Debug|Any CPU.ActiveCfg = Debug|Any CPU
		{C4D9C352-41CF-4943-B260-AF16C77870E3}.Debug|Any CPU.Build.0 = Debug|Any CPU
		{C4D9C352-41CF-4943-B260-AF16C77870E3}.Release|Any CPU.ActiveCfg = Release|Any CPU
		{C4D9C352-41CF-4943-B260-AF16C77870E3}.Release|Any CPU.Build.0 = Release|Any CPU
		{61E130F7-EA87-41EE-97AF-D66DA6137560}.Debug|Any CPU.ActiveCfg = Debug|Any CPU
		{61E130F7-EA87-41EE-97AF-D66DA6137560}.Debug|Any CPU.Build.0 = Debug|Any CPU
		{61E130F7-EA87-41EE-97AF-D66DA6137560}.Release|Any CPU.ActiveCfg = Release|Any CPU
		{61E130F7-EA87-41EE-97AF-D66DA6137560}.Release|Any CPU.Build.0 = Release|Any CPU
	EndGlobalSection
	GlobalSection(SolutionProperties) = preSolution
		HideSolutionNode = FALSE
	EndGlobalSection
	GlobalSection(ExtensibilityGlobals) = postSolution
		SolutionGuid = {AB6E9D2A-E3A6-487D-BCDF-812782A3F66A}
	EndGlobalSection
EndGlobal
